
Microsoft Visual Studio Solution File, Format Version 12.00
# Visual Studio 15
VisualStudioVersion = 15.0.28010.2019
MinimumVisualStudioVersion = 10.0.40219.1
Project("{9A19103F-16F7-4668-BE54-9A1E7A4F7556}") = "Tracker.Api.Tests", "Tracker.Api.Tests\Tracker.Api.Tests.csproj", "{FFABEB6F-6171-4300-A4DC-D89782775331}"
EndProject
Project("{9A19103F-16F7-4668-BE54-9A1E7A4F7556}") = "TrackerService.Api", "Tests\TrackerService.Api\TrackerService.Api.csproj", "{CC2517CA-489C-4188-ABC9-5CB615FEDB14}"
EndProject
Global
	GlobalSection(SolutionConfigurationPlatforms) = preSolution
		Debug|Any CPU = Debug|Any CPU
		Release|Any CPU = Release|Any CPU
	EndGlobalSection
	GlobalSection(ProjectConfigurationPlatforms) = postSolution
		{FFABEB6F-6171-4300-A4DC-D89782775331}.Debug|Any CPU.ActiveCfg = Debug|Any CPU
		{FFABEB6F-6171-4300-A4DC-D89782775331}.Debug|Any CPU.Build.0 = Debug|Any CPU
		{FFABEB6F-6171-4300-A4DC-D89782775331}.Release|Any CPU.ActiveCfg = Release|Any CPU
		{FFABEB6F-6171-4300-A4DC-D89782775331}.Release|Any CPU.Build.0 = Release|Any CPU
		{CC2517CA-489C-4188-ABC9-5CB615FEDB14}.Debug|Any CPU.ActiveCfg = Debug|Any CPU
		{CC2517CA-489C-4188-ABC9-5CB615FEDB14}.Debug|Any CPU.Build.0 = Debug|Any CPU
		{CC2517CA-489C-4188-ABC9-5CB615FEDB14}.Release|Any CPU.ActiveCfg = Release|Any CPU
		{CC2517CA-489C-4188-ABC9-5CB615FEDB14}.Release|Any CPU.Build.0 = Release|Any CPU
	EndGlobalSection
	GlobalSection(SolutionProperties) = preSolution
		HideSolutionNode = FALSE
	EndGlobalSection
	GlobalSection(ExtensibilityGlobals) = postSolution
		SolutionGuid = {346899F3-BB24-4B8C-A21B-6227A917AE24}
	EndGlobalSection
EndGlobal
