
Microsoft Visual Studio Solution File, Format Version 12.00
# Visual Studio Version 16
VisualStudioVersion = 16.0.28803.352
MinimumVisualStudioVersion = 10.0.40219.1
Project("{2150E333-8FDC-42A3-9474-1A3956D46DE8}") = "Solution Items", "Solution Items", "{16034763-F4C0-4881-A423-DE27C56C5EEF}"
	ProjectSection(SolutionItems) = preProject
		azure-pipelines.yml = azure-pipelines.yml
		integrationTests.dev.runsettings = integrationTests.dev.runsettings
		letskubedeploy.yaml = letskubedeploy.yaml
		README.md = README.md
	EndProjectSection
EndProject
Project("{9A19103F-16F7-4668-BE54-9A1E7A4F7556}") = "TrackerService.Api", "TrackerService.Api\TrackerService.Api.csproj", "{BF813BBA-307E-43FC-A4DA-C8C5AAAA01A2}"
EndProject
Project("{9A19103F-16F7-4668-BE54-9A1E7A4F7556}") = "Tracker.Api.Tests", "Tests\Tracker.Api.Tests\Tracker.Api.Tests.csproj", "{5315DB38-0C59-4660-B8C6-7FDD1BA2B955}"
EndProject
Project("{151D2E53-A2C4-4D7D-83FE-D05416EBD58E}") = "TrackerService.Deployment", "TrackerService.Deployment\TrackerService.Deployment.deployproj", "{1F1C02C9-EDFD-4DC0-9782-3403A5B99F63}"
EndProject
Project("{9A19103F-16F7-4668-BE54-9A1E7A4F7556}") = "TrackerService.Data", "TrackerService.Data\TrackerService.Data.csproj", "{D56DC1D2-3D8D-4B2F-867E-BFE159F0499A}"
EndProject
Project("{9A19103F-16F7-4668-BE54-9A1E7A4F7556}") = "Tracker.Api.IntegrationTests", "Tracker.Api.IntegrationTests\Tracker.Api.IntegrationTests.csproj", "{53650AC7-6D35-4E50-A778-7591344BDB04}"
EndProject
Project("{9A19103F-16F7-4668-BE54-9A1E7A4F7556}") = "TrackerService.BuildTools", "Build\TrackerService.BuildTools\TrackerService.BuildTools.csproj", "{F8EC7B54-2628-49D9-AA79-FF7E6F63499B}"
EndProject
Project("{9A19103F-16F7-4668-BE54-9A1E7A4F7556}") = "TrackerService.Common", "TrackerService.Common\TrackerService.Common.csproj", "{E272673C-8B89-4E4C-A786-E164A6AA0231}"
EndProject
Global
	GlobalSection(SolutionConfigurationPlatforms) = preSolution
		Debug|Any CPU = Debug|Any CPU
		Release|Any CPU = Release|Any CPU
	EndGlobalSection
	GlobalSection(ProjectConfigurationPlatforms) = postSolution
		{BF813BBA-307E-43FC-A4DA-C8C5AAAA01A2}.Debug|Any CPU.ActiveCfg = Debug|Any CPU
		{BF813BBA-307E-43FC-A4DA-C8C5AAAA01A2}.Debug|Any CPU.Build.0 = Debug|Any CPU
		{BF813BBA-307E-43FC-A4DA-C8C5AAAA01A2}.Release|Any CPU.ActiveCfg = Release|Any CPU
		{BF813BBA-307E-43FC-A4DA-C8C5AAAA01A2}.Release|Any CPU.Build.0 = Release|Any CPU
		{5315DB38-0C59-4660-B8C6-7FDD1BA2B955}.Debug|Any CPU.ActiveCfg = Debug|Any CPU
		{5315DB38-0C59-4660-B8C6-7FDD1BA2B955}.Debug|Any CPU.Build.0 = Debug|Any CPU
		{5315DB38-0C59-4660-B8C6-7FDD1BA2B955}.Release|Any CPU.ActiveCfg = Release|Any CPU
		{5315DB38-0C59-4660-B8C6-7FDD1BA2B955}.Release|Any CPU.Build.0 = Release|Any CPU
		{1F1C02C9-EDFD-4DC0-9782-3403A5B99F63}.Debug|Any CPU.ActiveCfg = Debug|Any CPU
		{1F1C02C9-EDFD-4DC0-9782-3403A5B99F63}.Debug|Any CPU.Build.0 = Debug|Any CPU
		{1F1C02C9-EDFD-4DC0-9782-3403A5B99F63}.Release|Any CPU.ActiveCfg = Release|Any CPU
		{1F1C02C9-EDFD-4DC0-9782-3403A5B99F63}.Release|Any CPU.Build.0 = Release|Any CPU
		{D56DC1D2-3D8D-4B2F-867E-BFE159F0499A}.Debug|Any CPU.ActiveCfg = Debug|Any CPU
		{D56DC1D2-3D8D-4B2F-867E-BFE159F0499A}.Debug|Any CPU.Build.0 = Debug|Any CPU
		{D56DC1D2-3D8D-4B2F-867E-BFE159F0499A}.Release|Any CPU.ActiveCfg = Release|Any CPU
		{D56DC1D2-3D8D-4B2F-867E-BFE159F0499A}.Release|Any CPU.Build.0 = Release|Any CPU
		{53650AC7-6D35-4E50-A778-7591344BDB04}.Debug|Any CPU.ActiveCfg = Debug|Any CPU
		{53650AC7-6D35-4E50-A778-7591344BDB04}.Debug|Any CPU.Build.0 = Debug|Any CPU
		{53650AC7-6D35-4E50-A778-7591344BDB04}.Release|Any CPU.ActiveCfg = Release|Any CPU
		{53650AC7-6D35-4E50-A778-7591344BDB04}.Release|Any CPU.Build.0 = Release|Any CPU
		{F8EC7B54-2628-49D9-AA79-FF7E6F63499B}.Debug|Any CPU.ActiveCfg = Debug|Any CPU
		{F8EC7B54-2628-49D9-AA79-FF7E6F63499B}.Debug|Any CPU.Build.0 = Debug|Any CPU
		{F8EC7B54-2628-49D9-AA79-FF7E6F63499B}.Release|Any CPU.ActiveCfg = Release|Any CPU
		{F8EC7B54-2628-49D9-AA79-FF7E6F63499B}.Release|Any CPU.Build.0 = Release|Any CPU
		{E272673C-8B89-4E4C-A786-E164A6AA0231}.Debug|Any CPU.ActiveCfg = Debug|Any CPU
		{E272673C-8B89-4E4C-A786-E164A6AA0231}.Debug|Any CPU.Build.0 = Debug|Any CPU
		{E272673C-8B89-4E4C-A786-E164A6AA0231}.Release|Any CPU.ActiveCfg = Release|Any CPU
		{E272673C-8B89-4E4C-A786-E164A6AA0231}.Release|Any CPU.Build.0 = Release|Any CPU
	EndGlobalSection
	GlobalSection(SolutionProperties) = preSolution
		HideSolutionNode = FALSE
	EndGlobalSection
	GlobalSection(ExtensibilityGlobals) = postSolution
		SolutionGuid = {346899F3-BB24-4B8C-A21B-6227A917AE24}
	EndGlobalSection
EndGlobal
