
Microsoft Visual Studio Solution File, Format Version 12.00
# Visual Studio 15
VisualStudioVersion = 15.0.28010.2019
MinimumVisualStudioVersion = 10.0.40219.1
Project("{9A19103F-16F7-4668-BE54-9A1E7A4F7556}") = "TrackerService.Api", "TrackerService.Api\TrackerService.Api.csproj", "{49D9B27B-947E-4C78-BF72-7EEFFA3B0289}"
EndProject
Project("{FAE04EC0-301F-11D3-BF4B-00C04F79EFBC}") = "Tracker.Api.Tests", "Tracker.Api.Tests\Tracker.Api.Tests.csproj", "{FFABEB6F-6171-4300-A4DC-D89782775331}"
EndProject
Global
	GlobalSection(SolutionConfigurationPlatforms) = preSolution
		Debug|Any CPU = Debug|Any CPU
		Release|Any CPU = Release|Any CPU
	EndGlobalSection
	GlobalSection(ProjectConfigurationPlatforms) = postSolution
		{49D9B27B-947E-4C78-BF72-7EEFFA3B0289}.Debug|Any CPU.ActiveCfg = Debug|Any CPU
		{49D9B27B-947E-4C78-BF72-7EEFFA3B0289}.Debug|Any CPU.Build.0 = Debug|Any CPU
		{49D9B27B-947E-4C78-BF72-7EEFFA3B0289}.Release|Any CPU.ActiveCfg = Release|Any CPU
		{49D9B27B-947E-4C78-BF72-7EEFFA3B0289}.Release|Any CPU.Build.0 = Release|Any CPU
		{FFABEB6F-6171-4300-A4DC-D89782775331}.Debug|Any CPU.ActiveCfg = Debug|Any CPU
		{FFABEB6F-6171-4300-A4DC-D89782775331}.Debug|Any CPU.Build.0 = Debug|Any CPU
		{FFABEB6F-6171-4300-A4DC-D89782775331}.Release|Any CPU.ActiveCfg = Release|Any CPU
		{FFABEB6F-6171-4300-A4DC-D89782775331}.Release|Any CPU.Build.0 = Release|Any CPU
	EndGlobalSection
	GlobalSection(SolutionProperties) = preSolution
		HideSolutionNode = FALSE
	EndGlobalSection
	GlobalSection(ExtensibilityGlobals) = postSolution
		SolutionGuid = {346899F3-BB24-4B8C-A21B-6227A917AE24}
	EndGlobalSection
EndGlobal
